{
  "pins" : [
    {
      "identity" : "swifter",
      "kind" : "remoteSourceControl",
      "location" : "https://github.com/mattdonnelly/Swifter.git",
      "state" : {
        "branch" : "master",
        "revision" : "f6888d61500f46ca6d1814fe2624056339eda986"
      }
    }
  ],
  "version" : 2
}
